
Microsoft Visual Studio Solution File, Format Version 12.00
# Visual Studio 15
VisualStudioVersion = 15.0.26430.6
MinimumVisualStudioVersion = 10.0.40219.1
Project("{FAE04EC0-301F-11D3-BF4B-00C04F79EFBC}") = "DataCompiler", "DataCompiler\DataCompiler.csproj", "{764B509E-9D75-42A6-9B51-07CF6812F93C}"
EndProject
Global
	GlobalSection(SolutionConfigurationPlatforms) = preSolution
		Debug|Any CPU = Debug|Any CPU
		Release|Any CPU = Release|Any CPU
	EndGlobalSection
	GlobalSection(ProjectConfigurationPlatforms) = postSolution
		{764B509E-9D75-42A6-9B51-07CF6812F93C}.Debug|Any CPU.ActiveCfg = Debug|Any CPU
		{764B509E-9D75-42A6-9B51-07CF6812F93C}.Debug|Any CPU.Build.0 = Debug|Any CPU
		{764B509E-9D75-42A6-9B51-07CF6812F93C}.Release|Any CPU.ActiveCfg = Release|Any CPU
		{764B509E-9D75-42A6-9B51-07CF6812F93C}.Release|Any CPU.Build.0 = Release|Any CPU
	EndGlobalSection
	GlobalSection(SolutionProperties) = preSolution
		HideSolutionNode = FALSE
	EndGlobalSection
EndGlobal
